// !$*UTF8*$!
{
	archiveVersion = 1;
	classes = {
	};
	objectVersion = 56;
	objects = {

/* Begin PBXBuildFile section */
		71187F84296EAEB200D86DDE /* AppDelegate.swift in Sources */ = {isa = PBXBuildFile; fileRef = 71187F83296EAEB200D86DDE /* AppDelegate.swift */; };
		71187F86296EAEB200D86DDE /* SceneDelegate.swift in Sources */ = {isa = PBXBuildFile; fileRef = 71187F85296EAEB200D86DDE /* SceneDelegate.swift */; };
		71187F88296EAEB200D86DDE /* ViewController.swift in Sources */ = {isa = PBXBuildFile; fileRef = 71187F87296EAEB200D86DDE /* ViewController.swift */; };
		71187F8B296EAEB200D86DDE /* Main.storyboard in Resources */ = {isa = PBXBuildFile; fileRef = 71187F89296EAEB200D86DDE /* Main.storyboard */; };
		71187F8D296EAEB300D86DDE /* Assets.xcassets in Resources */ = {isa = PBXBuildFile; fileRef = 71187F8C296EAEB300D86DDE /* Assets.xcassets */; };
		71187F90296EAEB300D86DDE /* LaunchScreen.storyboard in Resources */ = {isa = PBXBuildFile; fileRef = 71187F8E296EAEB300D86DDE /* LaunchScreen.storyboard */; };
		71187F9B296EAF5500D86DDE /* MainTabBarController.swift in Sources */ = {isa = PBXBuildFile; fileRef = 71187F9A296EAF5500D86DDE /* MainTabBarController.swift */; };
		71187F9E296EAF9E00D86DDE /* CatalogueController.swift in Sources */ = {isa = PBXBuildFile; fileRef = 71187F9D296EAF9E00D86DDE /* CatalogueController.swift */; };
		71187FA0296EB0F300D86DDE /* CatalogueHeaderView.swift in Sources */ = {isa = PBXBuildFile; fileRef = 71187F9F296EB0F300D86DDE /* CatalogueHeaderView.swift */; };
		71187FA2296EB34700D86DDE /* Extension.swift in Sources */ = {isa = PBXBuildFile; fileRef = 71187FA1296EB34700D86DDE /* Extension.swift */; };
		71187FA4296ECDCA00D86DDE /* CatalogueCell.swift in Sources */ = {isa = PBXBuildFile; fileRef = 71187FA3296ECDCA00D86DDE /* CatalogueCell.swift */; };
		71F03348296FF00D005CA5BA /* ProfileController.swift in Sources */ = {isa = PBXBuildFile; fileRef = 71F03347296FF00D005CA5BA /* ProfileController.swift */; };
		71F0334A296FF038005CA5BA /* SearchController.swift in Sources */ = {isa = PBXBuildFile; fileRef = 71F03349296FF038005CA5BA /* SearchController.swift */; };
/* End PBXBuildFile section */

/* Begin PBXFileReference section */
		71187F80296EAEB200D86DDE /* eBook.app */ = {isa = PBXFileReference; explicitFileType = wrapper.application; includeInIndex = 0; path = eBook.app; sourceTree = BUILT_PRODUCTS_DIR; };
		71187F83296EAEB200D86DDE /* AppDelegate.swift */ = {isa = PBXFileReference; lastKnownFileType = sourcecode.swift; path = AppDelegate.swift; sourceTree = "<group>"; };
		71187F85296EAEB200D86DDE /* SceneDelegate.swift */ = {isa = PBXFileReference; lastKnownFileType = sourcecode.swift; path = SceneDelegate.swift; sourceTree = "<group>"; };
		71187F87296EAEB200D86DDE /* ViewController.swift */ = {isa = PBXFileReference; lastKnownFileType = sourcecode.swift; path = ViewController.swift; sourceTree = "<group>"; };
		71187F8A296EAEB200D86DDE /* Base */ = {isa = PBXFileReference; lastKnownFileType = file.storyboard; name = Base; path = Base.lproj/Main.storyboard; sourceTree = "<group>"; };
		71187F8C296EAEB300D86DDE /* Assets.xcassets */ = {isa = PBXFileReference; lastKnownFileType = folder.assetcatalog; path = Assets.xcassets; sourceTree = "<group>"; };
		71187F8F296EAEB300D86DDE /* Base */ = {isa = PBXFileReference; lastKnownFileType = file.storyboard; name = Base; path = Base.lproj/LaunchScreen.storyboard; sourceTree = "<group>"; };
		71187F91296EAEB300D86DDE /* Info.plist */ = {isa = PBXFileReference; lastKnownFileType = text.plist.xml; path = Info.plist; sourceTree = "<group>"; };
		71187F9A296EAF5500D86DDE /* MainTabBarController.swift */ = {isa = PBXFileReference; lastKnownFileType = sourcecode.swift; path = MainTabBarController.swift; sourceTree = "<group>"; };
		71187F9D296EAF9E00D86DDE /* CatalogueController.swift */ = {isa = PBXFileReference; lastKnownFileType = sourcecode.swift; path = CatalogueController.swift; sourceTree = "<group>"; };
		71187F9F296EB0F300D86DDE /* CatalogueHeaderView.swift */ = {isa = PBXFileReference; lastKnownFileType = sourcecode.swift; path = CatalogueHeaderView.swift; sourceTree = "<group>"; };
		71187FA1296EB34700D86DDE /* Extension.swift */ = {isa = PBXFileReference; lastKnownFileType = sourcecode.swift; path = Extension.swift; sourceTree = "<group>"; };
		71187FA3296ECDCA00D86DDE /* CatalogueCell.swift */ = {isa = PBXFileReference; lastKnownFileType = sourcecode.swift; path = CatalogueCell.swift; sourceTree = "<group>"; };
		71F03347296FF00D005CA5BA /* ProfileController.swift */ = {isa = PBXFileReference; lastKnownFileType = sourcecode.swift; path = ProfileController.swift; sourceTree = "<group>"; };
		71F03349296FF038005CA5BA /* SearchController.swift */ = {isa = PBXFileReference; lastKnownFileType = sourcecode.swift; path = SearchController.swift; sourceTree = "<group>"; };
/* End PBXFileReference section */

/* Begin PBXFrameworksBuildPhase section */
		71187F7D296EAEB200D86DDE /* Frameworks */ = {
			isa = PBXFrameworksBuildPhase;
			buildActionMask = 2147483647;
			files = (
			);
			runOnlyForDeploymentPostprocessing = 0;
		};
/* End PBXFrameworksBuildPhase section */

/* Begin PBXGroup section */
		71187F77296EAEB200D86DDE = {
			isa = PBXGroup;
			children = (
				71187F82296EAEB200D86DDE /* eBook */,
				71187F81296EAEB200D86DDE /* Products */,
			);
			sourceTree = "<group>";
		};
		71187F81296EAEB200D86DDE /* Products */ = {
			isa = PBXGroup;
			children = (
				71187F80296EAEB200D86DDE /* eBook.app */,
			);
			name = Products;
			sourceTree = "<group>";
		};
		71187F82296EAEB200D86DDE /* eBook */ = {
			isa = PBXGroup;
			children = (
				71187F98296EAED400D86DDE /* Core */,
				71187F97296EAED100D86DDE /* Screen */,
			);
			path = eBook;
			sourceTree = "<group>";
		};
		71187F97296EAED100D86DDE /* Screen */ = {
			isa = PBXGroup;
			children = (
				71F03347296FF00D005CA5BA /* ProfileController.swift */,
				71F03349296FF038005CA5BA /* SearchController.swift */,
				71187F99296EAF1600D86DDE /* MainTabBar */,
				71187F9C296EAF8600D86DDE /* CatalogueScreen */,
			);
			path = Screen;
			sourceTree = "<group>";
		};
		71187F98296EAED400D86DDE /* Core */ = {
			isa = PBXGroup;
			children = (
				71187F83296EAEB200D86DDE /* AppDelegate.swift */,
				71187F85296EAEB200D86DDE /* SceneDelegate.swift */,
				71187F87296EAEB200D86DDE /* ViewController.swift */,
				71187F89296EAEB200D86DDE /* Main.storyboard */,
				71187F8C296EAEB300D86DDE /* Assets.xcassets */,
				71187F8E296EAEB300D86DDE /* LaunchScreen.storyboard */,
				71187F91296EAEB300D86DDE /* Info.plist */,
				71187FA1296EB34700D86DDE /* Extension.swift */,
			);
			path = Core;
			sourceTree = "<group>";
		};
		71187F99296EAF1600D86DDE /* MainTabBar */ = {
			isa = PBXGroup;
			children = (
				71187F9A296EAF5500D86DDE /* MainTabBarController.swift */,
			);
			name = MainTabBar;
			sourceTree = "<group>";
		};
		71187F9C296EAF8600D86DDE /* CatalogueScreen */ = {
			isa = PBXGroup;
			children = (
				71187F9D296EAF9E00D86DDE /* CatalogueController.swift */,
				71187F9F296EB0F300D86DDE /* CatalogueHeaderView.swift */,
				71187FA3296ECDCA00D86DDE /* CatalogueCell.swift */,
			);
			name = CatalogueScreen;
			sourceTree = "<group>";
		};
/* End PBXGroup section */

/* Begin PBXNativeTarget section */
		71187F7F296EAEB200D86DDE /* eBook */ = {
			isa = PBXNativeTarget;
			buildConfigurationList = 71187F94296EAEB300D86DDE /* Build configuration list for PBXNativeTarget "eBook" */;
			buildPhases = (
				71187F7C296EAEB200D86DDE /* Sources */,
				71187F7D296EAEB200D86DDE /* Frameworks */,
				71187F7E296EAEB200D86DDE /* Resources */,
			);
			buildRules = (
			);
			dependencies = (
			);
			name = eBook;
			productName = eBook;
			productReference = 71187F80296EAEB200D86DDE /* eBook.app */;
			productType = "com.apple.product-type.application";
		};
/* End PBXNativeTarget section */

/* Begin PBXProject section */
		71187F78296EAEB200D86DDE /* Project object */ = {
			isa = PBXProject;
			attributes = {
				BuildIndependentTargetsInParallel = 1;
				LastSwiftUpdateCheck = 1400;
				LastUpgradeCheck = 1400;
				TargetAttributes = {
					71187F7F296EAEB200D86DDE = {
						CreatedOnToolsVersion = 14.0;
					};
				};
			};
			buildConfigurationList = 71187F7B296EAEB200D86DDE /* Build configuration list for PBXProject "eBook" */;
			compatibilityVersion = "Xcode 14.0";
			developmentRegion = en;
			hasScannedForEncodings = 0;
			knownRegions = (
				en,
				Base,
			);
			mainGroup = 71187F77296EAEB200D86DDE;
			productRefGroup = 71187F81296EAEB200D86DDE /* Products */;
			projectDirPath = "";
			projectRoot = "";
			targets = (
				71187F7F296EAEB200D86DDE /* eBook */,
			);
		};
/* End PBXProject section */

/* Begin PBXResourcesBuildPhase section */
		71187F7E296EAEB200D86DDE /* Resources */ = {
			isa = PBXResourcesBuildPhase;
			buildActionMask = 2147483647;
			files = (
				71187F90296EAEB300D86DDE /* LaunchScreen.storyboard in Resources */,
				71187F8D296EAEB300D86DDE /* Assets.xcassets in Resources */,
				71187F8B296EAEB200D86DDE /* Main.storyboard in Resources */,
			);
			runOnlyForDeploymentPostprocessing = 0;
		};
/* End PBXResourcesBuildPhase section */

/* Begin PBXSourcesBuildPhase section */
		71187F7C296EAEB200D86DDE /* Sources */ = {
			isa = PBXSourcesBuildPhase;
			buildActionMask = 2147483647;
			files = (
				71187F9E296EAF9E00D86DDE /* CatalogueController.swift in Sources */,
				71F0334A296FF038005CA5BA /* SearchController.swift in Sources */,
				71187FA0296EB0F300D86DDE /* CatalogueHeaderView.swift in Sources */,
				71187FA2296EB34700D86DDE /* Extension.swift in Sources */,
				71187FA4296ECDCA00D86DDE /* CatalogueCell.swift in Sources */,
				71187F88296EAEB200D86DDE /* ViewController.swift in Sources */,
				71F03348296FF00D005CA5BA /* ProfileController.swift in Sources */,
				71187F84296EAEB200D86DDE /* AppDelegate.swift in Sources */,
				71187F9B296EAF5500D86DDE /* MainTabBarController.swift in Sources */,
				71187F86296EAEB200D86DDE /* SceneDelegate.swift in Sources */,
			);
			runOnlyForDeploymentPostprocessing = 0;
		};
/* End PBXSourcesBuildPhase section */

/* Begin PBXVariantGroup section */
		71187F89296EAEB200D86DDE /* Main.storyboard */ = {
			isa = PBXVariantGroup;
			children = (
				71187F8A296EAEB200D86DDE /* Base */,
			);
			name = Main.storyboard;
			sourceTree = "<group>";
		};
		71187F8E296EAEB300D86DDE /* LaunchScreen.storyboard */ = {
			isa = PBXVariantGroup;
			children = (
				71187F8F296EAEB300D86DDE /* Base */,
			);
			name = LaunchScreen.storyboard;
			sourceTree = "<group>";
		};
/* End PBXVariantGroup section */

/* Begin XCBuildConfiguration section */
		71187F92296EAEB300D86DDE /* Debug */ = {
			isa = XCBuildConfiguration;
			buildSettings = {
				ALWAYS_SEARCH_USER_PATHS = NO;
				CLANG_ANALYZER_NONNULL = YES;
				CLANG_ANALYZER_NUMBER_OBJECT_CONVERSION = YES_AGGRESSIVE;
				CLANG_CXX_LANGUAGE_STANDARD = "gnu++20";
				CLANG_ENABLE_MODULES = YES;
				CLANG_ENABLE_OBJC_ARC = YES;
				CLANG_ENABLE_OBJC_WEAK = YES;
				CLANG_WARN_BLOCK_CAPTURE_AUTORELEASING = YES;
				CLANG_WARN_BOOL_CONVERSION = YES;
				CLANG_WARN_COMMA = YES;
				CLANG_WARN_CONSTANT_CONVERSION = YES;
				CLANG_WARN_DEPRECATED_OBJC_IMPLEMENTATIONS = YES;
				CLANG_WARN_DIRECT_OBJC_ISA_USAGE = YES_ERROR;
				CLANG_WARN_DOCUMENTATION_COMMENTS = YES;
				CLANG_WARN_EMPTY_BODY = YES;
				CLANG_WARN_ENUM_CONVERSION = YES;
				CLANG_WARN_INFINITE_RECURSION = YES;
				CLANG_WARN_INT_CONVERSION = YES;
				CLANG_WARN_NON_LITERAL_NULL_CONVERSION = YES;
				CLANG_WARN_OBJC_IMPLICIT_RETAIN_SELF = YES;
				CLANG_WARN_OBJC_LITERAL_CONVERSION = YES;
				CLANG_WARN_OBJC_ROOT_CLASS = YES_ERROR;
				CLANG_WARN_QUOTED_INCLUDE_IN_FRAMEWORK_HEADER = YES;
				CLANG_WARN_RANGE_LOOP_ANALYSIS = YES;
				CLANG_WARN_STRICT_PROTOTYPES = YES;
				CLANG_WARN_SUSPICIOUS_MOVE = YES;
				CLANG_WARN_UNGUARDED_AVAILABILITY = YES_AGGRESSIVE;
				CLANG_WARN_UNREACHABLE_CODE = YES;
				CLANG_WARN__DUPLICATE_METHOD_MATCH = YES;
				COPY_PHASE_STRIP = NO;
				DEBUG_INFORMATION_FORMAT = dwarf;
				ENABLE_STRICT_OBJC_MSGSEND = YES;
				ENABLE_TESTABILITY = YES;
				GCC_C_LANGUAGE_STANDARD = gnu11;
				GCC_DYNAMIC_NO_PIC = NO;
				GCC_NO_COMMON_BLOCKS = YES;
				GCC_OPTIMIZATION_LEVEL = 0;
				GCC_PREPROCESSOR_DEFINITIONS = (
					"DEBUG=1",
					"$(inherited)",
				);
				GCC_WARN_64_TO_32_BIT_CONVERSION = YES;
				GCC_WARN_ABOUT_RETURN_TYPE = YES_ERROR;
				GCC_WARN_UNDECLARED_SELECTOR = YES;
				GCC_WARN_UNINITIALIZED_AUTOS = YES_AGGRESSIVE;
				GCC_WARN_UNUSED_FUNCTION = YES;
				GCC_WARN_UNUSED_VARIABLE = YES;
				IPHONEOS_DEPLOYMENT_TARGET = 16.0;
				MTL_ENABLE_DEBUG_INFO = INCLUDE_SOURCE;
				MTL_FAST_MATH = YES;
				ONLY_ACTIVE_ARCH = YES;
				SDKROOT = iphoneos;
				SWIFT_ACTIVE_COMPILATION_CONDITIONS = DEBUG;
				SWIFT_OPTIMIZATION_LEVEL = "-Onone";
			};
			name = Debug;
		};
		71187F93296EAEB300D86DDE /* Release */ = {
			isa = XCBuildConfiguration;
			buildSettings = {
				ALWAYS_SEARCH_USER_PATHS = NO;
				CLANG_ANALYZER_NONNULL = YES;
				CLANG_ANALYZER_NUMBER_OBJECT_CONVERSION = YES_AGGRESSIVE;
				CLANG_CXX_LANGUAGE_STANDARD = "gnu++20";
				CLANG_ENABLE_MODULES = YES;
				CLANG_ENABLE_OBJC_ARC = YES;
				CLANG_ENABLE_OBJC_WEAK = YES;
				CLANG_WARN_BLOCK_CAPTURE_AUTORELEASING = YES;
				CLANG_WARN_BOOL_CONVERSION = YES;
				CLANG_WARN_COMMA = YES;
				CLANG_WARN_CONSTANT_CONVERSION = YES;
				CLANG_WARN_DEPRECATED_OBJC_IMPLEMENTATIONS = YES;
				CLANG_WARN_DIRECT_OBJC_ISA_USAGE = YES_ERROR;
				CLANG_WARN_DOCUMENTATION_COMMENTS = YES;
				CLANG_WARN_EMPTY_BODY = YES;
				CLANG_WARN_ENUM_CONVERSION = YES;
				CLANG_WARN_INFINITE_RECURSION = YES;
				CLANG_WARN_INT_CONVERSION = YES;
				CLANG_WARN_NON_LITERAL_NULL_CONVERSION = YES;
				CLANG_WARN_OBJC_IMPLICIT_RETAIN_SELF = YES;
				CLANG_WARN_OBJC_LITERAL_CONVERSION = YES;
				CLANG_WARN_OBJC_ROOT_CLASS = YES_ERROR;
				CLANG_WARN_QUOTED_INCLUDE_IN_FRAMEWORK_HEADER = YES;
				CLANG_WARN_RANGE_LOOP_ANALYSIS = YES;
				CLANG_WARN_STRICT_PROTOTYPES = YES;
				CLANG_WARN_SUSPICIOUS_MOVE = YES;
				CLANG_WARN_UNGUARDED_AVAILABILITY = YES_AGGRESSIVE;
				CLANG_WARN_UNREACHABLE_CODE = YES;
				CLANG_WARN__DUPLICATE_METHOD_MATCH = YES;
				COPY_PHASE_STRIP = NO;
				DEBUG_INFORMATION_FORMAT = "dwarf-with-dsym";
				ENABLE_NS_ASSERTIONS = NO;
				ENABLE_STRICT_OBJC_MSGSEND = YES;
				GCC_C_LANGUAGE_STANDARD = gnu11;
				GCC_NO_COMMON_BLOCKS = YES;
				GCC_WARN_64_TO_32_BIT_CONVERSION = YES;
				GCC_WARN_ABOUT_RETURN_TYPE = YES_ERROR;
				GCC_WARN_UNDECLARED_SELECTOR = YES;
				GCC_WARN_UNINITIALIZED_AUTOS = YES_AGGRESSIVE;
				GCC_WARN_UNUSED_FUNCTION = YES;
				GCC_WARN_UNUSED_VARIABLE = YES;
				IPHONEOS_DEPLOYMENT_TARGET = 16.0;
				MTL_ENABLE_DEBUG_INFO = NO;
				MTL_FAST_MATH = YES;
				SDKROOT = iphoneos;
				SWIFT_COMPILATION_MODE = wholemodule;
				SWIFT_OPTIMIZATION_LEVEL = "-O";
				VALIDATE_PRODUCT = YES;
			};
			name = Release;
		};
		71187F95296EAEB300D86DDE /* Debug */ = {
			isa = XCBuildConfiguration;
			buildSettings = {
				ASSETCATALOG_COMPILER_APPICON_NAME = AppIcon;
				ASSETCATALOG_COMPILER_GLOBAL_ACCENT_COLOR_NAME = AccentColor;
				CODE_SIGN_STYLE = Automatic;
				CURRENT_PROJECT_VERSION = 1;
				DEVELOPMENT_TEAM = FAHJ57W2W9;
				GENERATE_INFOPLIST_FILE = YES;
				INFOPLIST_FILE = eBook/Core/Info.plist;
				INFOPLIST_KEY_UIApplicationSupportsIndirectInputEvents = YES;
				INFOPLIST_KEY_UILaunchStoryboardName = LaunchScreen;
				INFOPLIST_KEY_UIMainStoryboardFile = Main;
				INFOPLIST_KEY_UISupportedInterfaceOrientations_iPad = "UIInterfaceOrientationPortrait UIInterfaceOrientationPortraitUpsideDown UIInterfaceOrientationLandscapeLeft UIInterfaceOrientationLandscapeRight";
				INFOPLIST_KEY_UISupportedInterfaceOrientations_iPhone = "UIInterfaceOrientationPortrait UIInterfaceOrientationLandscapeLeft UIInterfaceOrientationLandscapeRight";
				LD_RUNPATH_SEARCH_PATHS = (
					"$(inherited)",
					"@executable_path/Frameworks",
				);
				MARKETING_VERSION = 1.0;
				PRODUCT_BUNDLE_IDENTIFIER = com.oguzhankin.eBook;
				PRODUCT_NAME = "$(TARGET_NAME)";
				SWIFT_EMIT_LOC_STRINGS = YES;
				SWIFT_VERSION = 5.0;
				TARGETED_DEVICE_FAMILY = "1,2";
			};
			name = Debug;
		};
		71187F96296EAEB300D86DDE /* Release */ = {
			isa = XCBuildConfiguration;
			buildSettings = {
				ASSETCATALOG_COMPILER_APPICON_NAME = AppIcon;
				ASSETCATALOG_COMPILER_GLOBAL_ACCENT_COLOR_NAME = AccentColor;
				CODE_SIGN_STYLE = Automatic;
				CURRENT_PROJECT_VERSION = 1;
				DEVELOPMENT_TEAM = FAHJ57W2W9;
				GENERATE_INFOPLIST_FILE = YES;
				INFOPLIST_FILE = eBook/Core/Info.plist;
				INFOPLIST_KEY_UIApplicationSupportsIndirectInputEvents = YES;
				INFOPLIST_KEY_UILaunchStoryboardName = LaunchScreen;
				INFOPLIST_KEY_UIMainStoryboardFile = Main;
				INFOPLIST_KEY_UISupportedInterfaceOrientations_iPad = "UIInterfaceOrientationPortrait UIInterfaceOrientationPortraitUpsideDown UIInterfaceOrientationLandscapeLeft UIInterfaceOrientationLandscapeRight";
				INFOPLIST_KEY_UISupportedInterfaceOrientations_iPhone = "UIInterfaceOrientationPortrait UIInterfaceOrientationLandscapeLeft UIInterfaceOrientationLandscapeRight";
				LD_RUNPATH_SEARCH_PATHS = (
					"$(inherited)",
					"@executable_path/Frameworks",
				);
				MARKETING_VERSION = 1.0;
				PRODUCT_BUNDLE_IDENTIFIER = com.oguzhankin.eBook;
				PRODUCT_NAME = "$(TARGET_NAME)";
				SWIFT_EMIT_LOC_STRINGS = YES;
				SWIFT_VERSION = 5.0;
				TARGETED_DEVICE_FAMILY = "1,2";
			};
			name = Release;
		};
/* End XCBuildConfiguration section */

/* Begin XCConfigurationList section */
		71187F7B296EAEB200D86DDE /* Build configuration list for PBXProject "eBook" */ = {
			isa = XCConfigurationList;
			buildConfigurations = (
				71187F92296EAEB300D86DDE /* Debug */,
				71187F93296EAEB300D86DDE /* Release */,
			);
			defaultConfigurationIsVisible = 0;
			defaultConfigurationName = Release;
		};
		71187F94296EAEB300D86DDE /* Build configuration list for PBXNativeTarget "eBook" */ = {
			isa = XCConfigurationList;
			buildConfigurations = (
				71187F95296EAEB300D86DDE /* Debug */,
				71187F96296EAEB300D86DDE /* Release */,
			);
			defaultConfigurationIsVisible = 0;
			defaultConfigurationName = Release;
		};
/* End XCConfigurationList section */
	};
	rootObject = 71187F78296EAEB200D86DDE /* Project object */;
}
